
Microsoft Visual Studio Solution File, Format Version 12.00
# Visual Studio Version 17
VisualStudioVersion = 17.6.33723.286
MinimumVisualStudioVersion = 10.0.40219.1
Project("{FAE04EC0-301F-11D3-BF4B-00C04F79EFBC}") = "LinkedList", "LinkedList\LinkedList.csproj", "{BC408D75-CAAC-4819-AA69-601C84246713}"
EndProject
Global
	GlobalSection(SolutionConfigurationPlatforms) = preSolution
		Debug|Any CPU = Debug|Any CPU
		Release|Any CPU = Release|Any CPU
	EndGlobalSection
	GlobalSection(ProjectConfigurationPlatforms) = postSolution
		{BC408D75-CAAC-4819-AA69-601C84246713}.Debug|Any CPU.ActiveCfg = Debug|Any CPU
		{BC408D75-CAAC-4819-AA69-601C84246713}.Debug|Any CPU.Build.0 = Debug|Any CPU
		{BC408D75-CAAC-4819-AA69-601C84246713}.Release|Any CPU.ActiveCfg = Release|Any CPU
		{BC408D75-CAAC-4819-AA69-601C84246713}.Release|Any CPU.Build.0 = Release|Any CPU
	EndGlobalSection
	GlobalSection(SolutionProperties) = preSolution
		HideSolutionNode = FALSE
	EndGlobalSection
	GlobalSection(ExtensibilityGlobals) = postSolution
		SolutionGuid = {BF45DCAB-9EDA-4F98-9120-D2567AA494B0}
	EndGlobalSection
EndGlobal
